// !$*UTF8*$!
{
	archiveVersion = 1;
	classes = {
	};
	objectVersion = 50;
	objects = {

/* Begin PBXBuildFile section */
		151EB17522597E830086C053 /* fullViewTableViewController.swift in Sources */ = {isa = PBXBuildFile; fileRef = 151EB17322597E830086C053 /* fullViewTableViewController.swift */; };
		151EB17622597E830086C053 /* fullViewTableViewController.xib in Resources */ = {isa = PBXBuildFile; fileRef = 151EB17422597E830086C053 /* fullViewTableViewController.xib */; };
		151EB17A225994A00086C053 /* Extension.swift in Sources */ = {isa = PBXBuildFile; fileRef = 151EB179225994A00086C053 /* Extension.swift */; };
		151EB17C225994FB0086C053 /* SessionCell.swift in Sources */ = {isa = PBXBuildFile; fileRef = 151EB17B225994FB0086C053 /* SessionCell.swift */; };
		151EB17E225995250086C053 /* Session.swift in Sources */ = {isa = PBXBuildFile; fileRef = 151EB17D225995250086C053 /* Session.swift */; };
		151EB1802259B9D10086C053 /* dbWrapper.swift in Sources */ = {isa = PBXBuildFile; fileRef = 151EB17F2259B9D10086C053 /* dbWrapper.swift */; };
		1536D72522682845004D71C9 /* Main.storyboard in Resources */ = {isa = PBXBuildFile; fileRef = 1536D72322682845004D71C9 /* Main.storyboard */; };
		155107CD22571CE1000BFDA7 /* AppDelegate.swift in Sources */ = {isa = PBXBuildFile; fileRef = 155107CC22571CE1000BFDA7 /* AppDelegate.swift */; };
		155107CF22571CE1000BFDA7 /* ViewController.swift in Sources */ = {isa = PBXBuildFile; fileRef = 155107CE22571CE1000BFDA7 /* ViewController.swift */; };
		155107D422571CE3000BFDA7 /* Assets.xcassets in Resources */ = {isa = PBXBuildFile; fileRef = 155107D322571CE3000BFDA7 /* Assets.xcassets */; };
		155107D722571CE3000BFDA7 /* LaunchScreen.storyboard in Resources */ = {isa = PBXBuildFile; fileRef = 155107D522571CE3000BFDA7 /* LaunchScreen.storyboard */; };
		155107E222571CE3000BFDA7 /* CS545Tests.swift in Sources */ = {isa = PBXBuildFile; fileRef = 155107E122571CE3000BFDA7 /* CS545Tests.swift */; };
		155107ED22571CE3000BFDA7 /* CS545UITests.swift in Sources */ = {isa = PBXBuildFile; fileRef = 155107EC22571CE3000BFDA7 /* CS545UITests.swift */; };
		155107FE22571D27000BFDA7 /* fullView.swift in Sources */ = {isa = PBXBuildFile; fileRef = 155107FA22571D26000BFDA7 /* fullView.swift */; };
		155107FF22571D27000BFDA7 /* organizerView.swift in Sources */ = {isa = PBXBuildFile; fileRef = 155107FB22571D26000BFDA7 /* organizerView.swift */; };
		1551080122571D27000BFDA7 /* studentView.swift in Sources */ = {isa = PBXBuildFile; fileRef = 155107FD22571D26000BFDA7 /* studentView.swift */; };
		156177C8225BE82C0048C83A /* SessionView.swift in Sources */ = {isa = PBXBuildFile; fileRef = 156177C7225BE82C0048C83A /* SessionView.swift */; };
		1578B84B225EC70800EA76DE /* EditViewHandle.swift in Sources */ = {isa = PBXBuildFile; fileRef = 1578B84A225EC70800EA76DE /* EditViewHandle.swift */; };
		157FF0F7226EBC8D0047F7E9 /* Styles.swift in Sources */ = {isa = PBXBuildFile; fileRef = 157FF0F6226EBC8D0047F7E9 /* Styles.swift */; };
		15AABF25225D3B9E001384F9 /* SessionViewHandle.swift in Sources */ = {isa = PBXBuildFile; fileRef = 15AABF24225D3B9E001384F9 /* SessionViewHandle.swift */; };
		15AB969A2271128A007151C4 /* ViewCourseNames.swift in Sources */ = {isa = PBXBuildFile; fileRef = 15AB96992271128A007151C4 /* ViewCourseNames.swift */; };
		15AB969C22716CCF007151C4 /* SessionsForCourse.swift in Sources */ = {isa = PBXBuildFile; fileRef = 15AB969B22716CCF007151C4 /* SessionsForCourse.swift */; };
		464E8FE51E470A104A63F69D /* Pods_CS545.framework in Frameworks */ = {isa = PBXBuildFile; fileRef = 9B176CCCCFA3D25A70691624 /* Pods_CS545.framework */; };
/* End PBXBuildFile section */

/* Begin PBXContainerItemProxy section */
		155107DE22571CE3000BFDA7 /* PBXContainerItemProxy */ = {
			isa = PBXContainerItemProxy;
			containerPortal = 155107C122571CE1000BFDA7 /* Project object */;
			proxyType = 1;
			remoteGlobalIDString = 155107C822571CE1000BFDA7;
			remoteInfo = CS545;
		};
		155107E922571CE3000BFDA7 /* PBXContainerItemProxy */ = {
			isa = PBXContainerItemProxy;
			containerPortal = 155107C122571CE1000BFDA7 /* Project object */;
			proxyType = 1;
			remoteGlobalIDString = 155107C822571CE1000BFDA7;
			remoteInfo = CS545;
		};
/* End PBXContainerItemProxy section */

/* Begin PBXFileReference section */
		151EB17322597E830086C053 /* fullViewTableViewController.swift */ = {isa = PBXFileReference; lastKnownFileType = sourcecode.swift; path = fullViewTableViewController.swift; sourceTree = "<group>"; };
		151EB17422597E830086C053 /* fullViewTableViewController.xib */ = {isa = PBXFileReference; lastKnownFileType = file.xib; path = fullViewTableViewController.xib; sourceTree = "<group>"; };
		151EB179225994A00086C053 /* Extension.swift */ = {isa = PBXFileReference; lastKnownFileType = sourcecode.swift; path = Extension.swift; sourceTree = "<group>"; };
		151EB17B225994FB0086C053 /* SessionCell.swift */ = {isa = PBXFileReference; lastKnownFileType = sourcecode.swift; path = SessionCell.swift; sourceTree = "<group>"; };
		151EB17D225995250086C053 /* Session.swift */ = {isa = PBXFileReference; lastKnownFileType = sourcecode.swift; path = Session.swift; sourceTree = "<group>"; };
		151EB17F2259B9D10086C053 /* dbWrapper.swift */ = {isa = PBXFileReference; lastKnownFileType = sourcecode.swift; path = dbWrapper.swift; sourceTree = "<group>"; };
		1536D72422682845004D71C9 /* Base */ = {isa = PBXFileReference; lastKnownFileType = file.storyboard; name = Base; path = Base.lproj/Main.storyboard; sourceTree = "<group>"; };
		155107C922571CE1000BFDA7 /* CS545.app */ = {isa = PBXFileReference; explicitFileType = wrapper.application; includeInIndex = 0; path = CS545.app; sourceTree = BUILT_PRODUCTS_DIR; };
		155107CC22571CE1000BFDA7 /* AppDelegate.swift */ = {isa = PBXFileReference; lastKnownFileType = sourcecode.swift; path = AppDelegate.swift; sourceTree = "<group>"; };
		155107CE22571CE1000BFDA7 /* ViewController.swift */ = {isa = PBXFileReference; lastKnownFileType = sourcecode.swift; path = ViewController.swift; sourceTree = "<group>"; };
		155107D322571CE3000BFDA7 /* Assets.xcassets */ = {isa = PBXFileReference; lastKnownFileType = folder.assetcatalog; path = Assets.xcassets; sourceTree = "<group>"; };
		155107D622571CE3000BFDA7 /* Base */ = {isa = PBXFileReference; lastKnownFileType = file.storyboard; name = Base; path = Base.lproj/LaunchScreen.storyboard; sourceTree = "<group>"; };
		155107D822571CE3000BFDA7 /* Info.plist */ = {isa = PBXFileReference; lastKnownFileType = text.plist.xml; path = Info.plist; sourceTree = "<group>"; };
		155107DD22571CE3000BFDA7 /* CS545Tests.xctest */ = {isa = PBXFileReference; explicitFileType = wrapper.cfbundle; includeInIndex = 0; path = CS545Tests.xctest; sourceTree = BUILT_PRODUCTS_DIR; };
		155107E122571CE3000BFDA7 /* CS545Tests.swift */ = {isa = PBXFileReference; lastKnownFileType = sourcecode.swift; path = CS545Tests.swift; sourceTree = "<group>"; };
		155107E322571CE3000BFDA7 /* Info.plist */ = {isa = PBXFileReference; lastKnownFileType = text.plist.xml; path = Info.plist; sourceTree = "<group>"; };
		155107E822571CE3000BFDA7 /* CS545UITests.xctest */ = {isa = PBXFileReference; explicitFileType = wrapper.cfbundle; includeInIndex = 0; path = CS545UITests.xctest; sourceTree = BUILT_PRODUCTS_DIR; };
		155107EC22571CE3000BFDA7 /* CS545UITests.swift */ = {isa = PBXFileReference; lastKnownFileType = sourcecode.swift; path = CS545UITests.swift; sourceTree = "<group>"; };
		155107EE22571CE3000BFDA7 /* Info.plist */ = {isa = PBXFileReference; lastKnownFileType = text.plist.xml; path = Info.plist; sourceTree = "<group>"; };
		155107FA22571D26000BFDA7 /* fullView.swift */ = {isa = PBXFileReference; fileEncoding = 4; lastKnownFileType = sourcecode.swift; path = fullView.swift; sourceTree = "<group>"; };
		155107FB22571D26000BFDA7 /* organizerView.swift */ = {isa = PBXFileReference; fileEncoding = 4; lastKnownFileType = sourcecode.swift; path = organizerView.swift; sourceTree = "<group>"; };
		155107FD22571D26000BFDA7 /* studentView.swift */ = {isa = PBXFileReference; fileEncoding = 4; lastKnownFileType = sourcecode.swift; path = studentView.swift; sourceTree = "<group>"; };
		156177C7225BE82C0048C83A /* SessionView.swift */ = {isa = PBXFileReference; lastKnownFileType = sourcecode.swift; path = SessionView.swift; sourceTree = "<group>"; };
		1578B84A225EC70800EA76DE /* EditViewHandle.swift */ = {isa = PBXFileReference; lastKnownFileType = sourcecode.swift; path = EditViewHandle.swift; sourceTree = "<group>"; };
		157FF0F6226EBC8D0047F7E9 /* Styles.swift */ = {isa = PBXFileReference; lastKnownFileType = sourcecode.swift; path = Styles.swift; sourceTree = "<group>"; };
		15AABF24225D3B9E001384F9 /* SessionViewHandle.swift */ = {isa = PBXFileReference; lastKnownFileType = sourcecode.swift; path = SessionViewHandle.swift; sourceTree = "<group>"; };
		15AB96992271128A007151C4 /* ViewCourseNames.swift */ = {isa = PBXFileReference; lastKnownFileType = sourcecode.swift; path = ViewCourseNames.swift; sourceTree = "<group>"; };
		15AB969B22716CCF007151C4 /* SessionsForCourse.swift */ = {isa = PBXFileReference; lastKnownFileType = sourcecode.swift; path = SessionsForCourse.swift; sourceTree = "<group>"; };
		746B531FE05BDB498D25E9B6 /* Pods-CS545.debug.xcconfig */ = {isa = PBXFileReference; includeInIndex = 1; lastKnownFileType = text.xcconfig; name = "Pods-CS545.debug.xcconfig"; path = "Target Support Files/Pods-CS545/Pods-CS545.debug.xcconfig"; sourceTree = "<group>"; };
		9B176CCCCFA3D25A70691624 /* Pods_CS545.framework */ = {isa = PBXFileReference; explicitFileType = wrapper.framework; includeInIndex = 0; path = Pods_CS545.framework; sourceTree = BUILT_PRODUCTS_DIR; };
		DAA776A7BD18ED9975DC0650 /* Pods-CS545.release.xcconfig */ = {isa = PBXFileReference; includeInIndex = 1; lastKnownFileType = text.xcconfig; name = "Pods-CS545.release.xcconfig"; path = "Target Support Files/Pods-CS545/Pods-CS545.release.xcconfig"; sourceTree = "<group>"; };
/* End PBXFileReference section */

/* Begin PBXFrameworksBuildPhase section */
		155107C622571CE1000BFDA7 /* Frameworks */ = {
			isa = PBXFrameworksBuildPhase;
			buildActionMask = 2147483647;
			files = (
				464E8FE51E470A104A63F69D /* Pods_CS545.framework in Frameworks */,
			);
			runOnlyForDeploymentPostprocessing = 0;
		};
		155107DA22571CE3000BFDA7 /* Frameworks */ = {
			isa = PBXFrameworksBuildPhase;
			buildActionMask = 2147483647;
			files = (
			);
			runOnlyForDeploymentPostprocessing = 0;
		};
		155107E522571CE3000BFDA7 /* Frameworks */ = {
			isa = PBXFrameworksBuildPhase;
			buildActionMask = 2147483647;
			files = (
			);
			runOnlyForDeploymentPostprocessing = 0;
		};
/* End PBXFrameworksBuildPhase section */

/* Begin PBXGroup section */
		155107C022571CE1000BFDA7 = {
			isa = PBXGroup;
			children = (
				155107CB22571CE1000BFDA7 /* CS545 */,
				155107E022571CE3000BFDA7 /* CS545Tests */,
				155107EB22571CE3000BFDA7 /* CS545UITests */,
				155107CA22571CE1000BFDA7 /* Products */,
				2F5F2F2A4722D45CA44B6786 /* Pods */,
				19C95ED13AA234AC27CE223C /* Frameworks */,
			);
			sourceTree = "<group>";
		};
		155107CA22571CE1000BFDA7 /* Products */ = {
			isa = PBXGroup;
			children = (
				155107C922571CE1000BFDA7 /* CS545.app */,
				155107DD22571CE3000BFDA7 /* CS545Tests.xctest */,
				155107E822571CE3000BFDA7 /* CS545UITests.xctest */,
			);
			name = Products;
			sourceTree = "<group>";
		};
		155107CB22571CE1000BFDA7 /* CS545 */ = {
			isa = PBXGroup;
			children = (
				155107CC22571CE1000BFDA7 /* AppDelegate.swift */,
				155107FA22571D26000BFDA7 /* fullView.swift */,
				155107FB22571D26000BFDA7 /* organizerView.swift */,
				155107FD22571D26000BFDA7 /* studentView.swift */,
				155107CE22571CE1000BFDA7 /* ViewController.swift */,
				155107D322571CE3000BFDA7 /* Assets.xcassets */,
				1536D72322682845004D71C9 /* Main.storyboard */,
				155107D522571CE3000BFDA7 /* LaunchScreen.storyboard */,
				155107D822571CE3000BFDA7 /* Info.plist */,
				151EB17322597E830086C053 /* fullViewTableViewController.swift */,
				151EB17422597E830086C053 /* fullViewTableViewController.xib */,
				151EB179225994A00086C053 /* Extension.swift */,
				151EB17B225994FB0086C053 /* SessionCell.swift */,
				151EB17D225995250086C053 /* Session.swift */,
				151EB17F2259B9D10086C053 /* dbWrapper.swift */,
				156177C7225BE82C0048C83A /* SessionView.swift */,
				15AABF24225D3B9E001384F9 /* SessionViewHandle.swift */,
				1578B84A225EC70800EA76DE /* EditViewHandle.swift */,
				157FF0F6226EBC8D0047F7E9 /* Styles.swift */,
				15AB96992271128A007151C4 /* ViewCourseNames.swift */,
				15AB969B22716CCF007151C4 /* SessionsForCourse.swift */,
			);
			path = CS545;
			sourceTree = "<group>";
		};
		155107E022571CE3000BFDA7 /* CS545Tests */ = {
			isa = PBXGroup;
			children = (
				155107E122571CE3000BFDA7 /* CS545Tests.swift */,
				155107E322571CE3000BFDA7 /* Info.plist */,
			);
			path = CS545Tests;
			sourceTree = "<group>";
		};
		155107EB22571CE3000BFDA7 /* CS545UITests */ = {
			isa = PBXGroup;
			children = (
				155107EC22571CE3000BFDA7 /* CS545UITests.swift */,
				155107EE22571CE3000BFDA7 /* Info.plist */,
			);
			path = CS545UITests;
			sourceTree = "<group>";
		};
		19C95ED13AA234AC27CE223C /* Frameworks */ = {
			isa = PBXGroup;
			children = (
				9B176CCCCFA3D25A70691624 /* Pods_CS545.framework */,
			);
			name = Frameworks;
			sourceTree = "<group>";
		};
		2F5F2F2A4722D45CA44B6786 /* Pods */ = {
			isa = PBXGroup;
			children = (
				746B531FE05BDB498D25E9B6 /* Pods-CS545.debug.xcconfig */,
				DAA776A7BD18ED9975DC0650 /* Pods-CS545.release.xcconfig */,
			);
			path = Pods;
			sourceTree = "<group>";
		};
/* End PBXGroup section */

/* Begin PBXNativeTarget section */
		155107C822571CE1000BFDA7 /* CS545 */ = {
			isa = PBXNativeTarget;
			buildConfigurationList = 155107F122571CE3000BFDA7 /* Build configuration list for PBXNativeTarget "CS545" */;
			buildPhases = (
				4052276AFD7EE9E162ACA168 /* [CP] Check Pods Manifest.lock */,
				155107C522571CE1000BFDA7 /* Sources */,
				155107C622571CE1000BFDA7 /* Frameworks */,
				155107C722571CE1000BFDA7 /* Resources */,
				718B8CC16FF46200944D06DF /* [CP] Embed Pods Frameworks */,
			);
			buildRules = (
			);
			dependencies = (
			);
			name = CS545;
			productName = CS545;
			productReference = 155107C922571CE1000BFDA7 /* CS545.app */;
			productType = "com.apple.product-type.application";
		};
		155107DC22571CE3000BFDA7 /* CS545Tests */ = {
			isa = PBXNativeTarget;
			buildConfigurationList = 155107F422571CE3000BFDA7 /* Build configuration list for PBXNativeTarget "CS545Tests" */;
			buildPhases = (
				155107D922571CE3000BFDA7 /* Sources */,
				155107DA22571CE3000BFDA7 /* Frameworks */,
				155107DB22571CE3000BFDA7 /* Resources */,
			);
			buildRules = (
			);
			dependencies = (
				155107DF22571CE3000BFDA7 /* PBXTargetDependency */,
			);
			name = CS545Tests;
			productName = CS545Tests;
			productReference = 155107DD22571CE3000BFDA7 /* CS545Tests.xctest */;
			productType = "com.apple.product-type.bundle.unit-test";
		};
		155107E722571CE3000BFDA7 /* CS545UITests */ = {
			isa = PBXNativeTarget;
			buildConfigurationList = 155107F722571CE3000BFDA7 /* Build configuration list for PBXNativeTarget "CS545UITests" */;
			buildPhases = (
				155107E422571CE3000BFDA7 /* Sources */,
				155107E522571CE3000BFDA7 /* Frameworks */,
				155107E622571CE3000BFDA7 /* Resources */,
			);
			buildRules = (
			);
			dependencies = (
				155107EA22571CE3000BFDA7 /* PBXTargetDependency */,
			);
			name = CS545UITests;
			productName = CS545UITests;
			productReference = 155107E822571CE3000BFDA7 /* CS545UITests.xctest */;
			productType = "com.apple.product-type.bundle.ui-testing";
		};
/* End PBXNativeTarget section */

/* Begin PBXProject section */
		155107C122571CE1000BFDA7 /* Project object */ = {
			isa = PBXProject;
			attributes = {
				LastSwiftUpdateCheck = 1010;
				LastUpgradeCheck = 1010;
				ORGANIZATIONNAME = "David Kim";
				TargetAttributes = {
					155107C822571CE1000BFDA7 = {
						CreatedOnToolsVersion = 10.1;
					};
					155107DC22571CE3000BFDA7 = {
						CreatedOnToolsVersion = 10.1;
						TestTargetID = 155107C822571CE1000BFDA7;
					};
					155107E722571CE3000BFDA7 = {
						CreatedOnToolsVersion = 10.1;
						TestTargetID = 155107C822571CE1000BFDA7;
					};
				};
			};
			buildConfigurationList = 155107C422571CE1000BFDA7 /* Build configuration list for PBXProject "CS545" */;
			compatibilityVersion = "Xcode 9.3";
			developmentRegion = en;
			hasScannedForEncodings = 0;
			knownRegions = (
				en,
				Base,
			);
			mainGroup = 155107C022571CE1000BFDA7;
			productRefGroup = 155107CA22571CE1000BFDA7 /* Products */;
			projectDirPath = "";
			projectRoot = "";
			targets = (
				155107C822571CE1000BFDA7 /* CS545 */,
				155107DC22571CE3000BFDA7 /* CS545Tests */,
				155107E722571CE3000BFDA7 /* CS545UITests */,
			);
		};
/* End PBXProject section */

/* Begin PBXResourcesBuildPhase section */
		155107C722571CE1000BFDA7 /* Resources */ = {
			isa = PBXResourcesBuildPhase;
			buildActionMask = 2147483647;
			files = (
				155107D722571CE3000BFDA7 /* LaunchScreen.storyboard in Resources */,
				151EB17622597E830086C053 /* fullViewTableViewController.xib in Resources */,
				155107D422571CE3000BFDA7 /* Assets.xcassets in Resources */,
				1536D72522682845004D71C9 /* Main.storyboard in Resources */,
			);
			runOnlyForDeploymentPostprocessing = 0;
		};
		155107DB22571CE3000BFDA7 /* Resources */ = {
			isa = PBXResourcesBuildPhase;
			buildActionMask = 2147483647;
			files = (
			);
			runOnlyForDeploymentPostprocessing = 0;
		};
		155107E622571CE3000BFDA7 /* Resources */ = {
			isa = PBXResourcesBuildPhase;
			buildActionMask = 2147483647;
			files = (
			);
			runOnlyForDeploymentPostprocessing = 0;
		};
/* End PBXResourcesBuildPhase section */

/* Begin PBXShellScriptBuildPhase section */
		4052276AFD7EE9E162ACA168 /* [CP] Check Pods Manifest.lock */ = {
			isa = PBXShellScriptBuildPhase;
			buildActionMask = 2147483647;
			files = (
			);
			inputFileListPaths = (
			);
			inputPaths = (
				"${PODS_PODFILE_DIR_PATH}/Podfile.lock",
				"${PODS_ROOT}/Manifest.lock",
			);
			name = "[CP] Check Pods Manifest.lock";
			outputFileListPaths = (
			);
			outputPaths = (
				"$(DERIVED_FILE_DIR)/Pods-CS545-checkManifestLockResult.txt",
			);
			runOnlyForDeploymentPostprocessing = 0;
			shellPath = /bin/sh;
			shellScript = "diff \"${PODS_PODFILE_DIR_PATH}/Podfile.lock\" \"${PODS_ROOT}/Manifest.lock\" > /dev/null\nif [ $? != 0 ] ; then\n    # print error to STDERR\n    echo \"error: The sandbox is not in sync with the Podfile.lock. Run 'pod install' or update your CocoaPods installation.\" >&2\n    exit 1\nfi\n# This output is used by Xcode 'outputs' to avoid re-running this script phase.\necho \"SUCCESS\" > \"${SCRIPT_OUTPUT_FILE_0}\"\n";
			showEnvVarsInLog = 0;
		};
		718B8CC16FF46200944D06DF /* [CP] Embed Pods Frameworks */ = {
			isa = PBXShellScriptBuildPhase;
			buildActionMask = 2147483647;
			files = (
			);
			inputFileListPaths = (
			);
			inputPaths = (
				"${PODS_ROOT}/Target Support Files/Pods-CS545/Pods-CS545-frameworks.sh",
				"${BUILT_PRODUCTS_DIR}/SQLite.swift/SQLite.framework",
			);
			name = "[CP] Embed Pods Frameworks";
			outputFileListPaths = (
			);
			outputPaths = (
				"${TARGET_BUILD_DIR}/${FRAMEWORKS_FOLDER_PATH}/SQLite.framework",
			);
			runOnlyForDeploymentPostprocessing = 0;
			shellPath = /bin/sh;
			shellScript = "\"${PODS_ROOT}/Target Support Files/Pods-CS545/Pods-CS545-frameworks.sh\"\n";
			showEnvVarsInLog = 0;
		};
/* End PBXShellScriptBuildPhase section */

/* Begin PBXSourcesBuildPhase section */
		155107C522571CE1000BFDA7 /* Sources */ = {
			isa = PBXSourcesBuildPhase;
			buildActionMask = 2147483647;
			files = (
				15AB969A2271128A007151C4 /* ViewCourseNames.swift in Sources */,
				15AB969C22716CCF007151C4 /* SessionsForCourse.swift in Sources */,
				151EB17E225995250086C053 /* Session.swift in Sources */,
				151EB17A225994A00086C053 /* Extension.swift in Sources */,
				155107CF22571CE1000BFDA7 /* ViewController.swift in Sources */,
				1578B84B225EC70800EA76DE /* EditViewHandle.swift in Sources */,
				1551080122571D27000BFDA7 /* studentView.swift in Sources */,
				157FF0F7226EBC8D0047F7E9 /* Styles.swift in Sources */,
				15AABF25225D3B9E001384F9 /* SessionViewHandle.swift in Sources */,
				155107FE22571D27000BFDA7 /* fullView.swift in Sources */,
				151EB17C225994FB0086C053 /* SessionCell.swift in Sources */,
				156177C8225BE82C0048C83A /* SessionView.swift in Sources */,
				151EB17522597E830086C053 /* fullViewTableViewController.swift in Sources */,
				155107FF22571D27000BFDA7 /* organizerView.swift in Sources */,
				155107CD22571CE1000BFDA7 /* AppDelegate.swift in Sources */,
				151EB1802259B9D10086C053 /* dbWrapper.swift in Sources */,
			);
			runOnlyForDeploymentPostprocessing = 0;
		};
		155107D922571CE3000BFDA7 /* Sources */ = {
			isa = PBXSourcesBuildPhase;
			buildActionMask = 2147483647;
			files = (
				155107E222571CE3000BFDA7 /* CS545Tests.swift in Sources */,
			);
			runOnlyForDeploymentPostprocessing = 0;
		};
		155107E422571CE3000BFDA7 /* Sources */ = {
			isa = PBXSourcesBuildPhase;
			buildActionMask = 2147483647;
			files = (
				155107ED22571CE3000BFDA7 /* CS545UITests.swift in Sources */,
			);
			runOnlyForDeploymentPostprocessing = 0;
		};
/* End PBXSourcesBuildPhase section */

/* Begin PBXTargetDependency section */
		155107DF22571CE3000BFDA7 /* PBXTargetDependency */ = {
			isa = PBXTargetDependency;
			target = 155107C822571CE1000BFDA7 /* CS545 */;
			targetProxy = 155107DE22571CE3000BFDA7 /* PBXContainerItemProxy */;
		};
		155107EA22571CE3000BFDA7 /* PBXTargetDependency */ = {
			isa = PBXTargetDependency;
			target = 155107C822571CE1000BFDA7 /* CS545 */;
			targetProxy = 155107E922571CE3000BFDA7 /* PBXContainerItemProxy */;
		};
/* End PBXTargetDependency section */

/* Begin PBXVariantGroup section */
		1536D72322682845004D71C9 /* Main.storyboard */ = {
			isa = PBXVariantGroup;
			children = (
				1536D72422682845004D71C9 /* Base */,
			);
			name = Main.storyboard;
			sourceTree = "<group>";
		};
		155107D522571CE3000BFDA7 /* LaunchScreen.storyboard */ = {
			isa = PBXVariantGroup;
			children = (
				155107D622571CE3000BFDA7 /* Base */,
			);
			name = LaunchScreen.storyboard;
			sourceTree = "<group>";
		};
/* End PBXVariantGroup section */

/* Begin XCBuildConfiguration section */
		155107EF22571CE3000BFDA7 /* Debug */ = {
			isa = XCBuildConfiguration;
			buildSettings = {
				ALWAYS_SEARCH_USER_PATHS = NO;
				CLANG_ANALYZER_NONNULL = YES;
				CLANG_ANALYZER_NUMBER_OBJECT_CONVERSION = YES_AGGRESSIVE;
				CLANG_CXX_LANGUAGE_STANDARD = "gnu++14";
				CLANG_CXX_LIBRARY = "libc++";
				CLANG_ENABLE_MODULES = YES;
				CLANG_ENABLE_OBJC_ARC = YES;
				CLANG_ENABLE_OBJC_WEAK = YES;
				CLANG_WARN_BLOCK_CAPTURE_AUTORELEASING = YES;
				CLANG_WARN_BOOL_CONVERSION = YES;
				CLANG_WARN_COMMA = YES;
				CLANG_WARN_CONSTANT_CONVERSION = YES;
				CLANG_WARN_DEPRECATED_OBJC_IMPLEMENTATIONS = YES;
				CLANG_WARN_DIRECT_OBJC_ISA_USAGE = YES_ERROR;
				CLANG_WARN_DOCUMENTATION_COMMENTS = YES;
				CLANG_WARN_EMPTY_BODY = YES;
				CLANG_WARN_ENUM_CONVERSION = YES;
				CLANG_WARN_INFINITE_RECURSION = YES;
				CLANG_WARN_INT_CONVERSION = YES;
				CLANG_WARN_NON_LITERAL_NULL_CONVERSION = YES;
				CLANG_WARN_OBJC_IMPLICIT_RETAIN_SELF = YES;
				CLANG_WARN_OBJC_LITERAL_CONVERSION = YES;
				CLANG_WARN_OBJC_ROOT_CLASS = YES_ERROR;
				CLANG_WARN_RANGE_LOOP_ANALYSIS = YES;
				CLANG_WARN_STRICT_PROTOTYPES = YES;
				CLANG_WARN_SUSPICIOUS_MOVE = YES;
				CLANG_WARN_UNGUARDED_AVAILABILITY = YES_AGGRESSIVE;
				CLANG_WARN_UNREACHABLE_CODE = YES;
				CLANG_WARN__DUPLICATE_METHOD_MATCH = YES;
				CODE_SIGN_IDENTITY = "iPhone Developer";
				COPY_PHASE_STRIP = NO;
				DEBUG_INFORMATION_FORMAT = dwarf;
				ENABLE_STRICT_OBJC_MSGSEND = YES;
				ENABLE_TESTABILITY = YES;
				GCC_C_LANGUAGE_STANDARD = gnu11;
				GCC_DYNAMIC_NO_PIC = NO;
				GCC_NO_COMMON_BLOCKS = YES;
				GCC_OPTIMIZATION_LEVEL = 0;
				GCC_PREPROCESSOR_DEFINITIONS = (
					"DEBUG=1",
					"$(inherited)",
				);
				GCC_WARN_64_TO_32_BIT_CONVERSION = YES;
				GCC_WARN_ABOUT_RETURN_TYPE = YES_ERROR;
				GCC_WARN_UNDECLARED_SELECTOR = YES;
				GCC_WARN_UNINITIALIZED_AUTOS = YES_AGGRESSIVE;
				GCC_WARN_UNUSED_FUNCTION = YES;
				GCC_WARN_UNUSED_VARIABLE = YES;
				IPHONEOS_DEPLOYMENT_TARGET = 12.1;
				MTL_ENABLE_DEBUG_INFO = INCLUDE_SOURCE;
				MTL_FAST_MATH = YES;
				ONLY_ACTIVE_ARCH = YES;
				SDKROOT = iphoneos;
				SWIFT_ACTIVE_COMPILATION_CONDITIONS = DEBUG;
				SWIFT_OPTIMIZATION_LEVEL = "-Onone";
			};
			name = Debug;
		};
		155107F022571CE3000BFDA7 /* Release */ = {
			isa = XCBuildConfiguration;
			buildSettings = {
				ALWAYS_SEARCH_USER_PATHS = NO;
				CLANG_ANALYZER_NONNULL = YES;
				CLANG_ANALYZER_NUMBER_OBJECT_CONVERSION = YES_AGGRESSIVE;
				CLANG_CXX_LANGUAGE_STANDARD = "gnu++14";
				CLANG_CXX_LIBRARY = "libc++";
				CLANG_ENABLE_MODULES = YES;
				CLANG_ENABLE_OBJC_ARC = YES;
				CLANG_ENABLE_OBJC_WEAK = YES;
				CLANG_WARN_BLOCK_CAPTURE_AUTORELEASING = YES;
				CLANG_WARN_BOOL_CONVERSION = YES;
				CLANG_WARN_COMMA = YES;
				CLANG_WARN_CONSTANT_CONVERSION = YES;
				CLANG_WARN_DEPRECATED_OBJC_IMPLEMENTATIONS = YES;
				CLANG_WARN_DIRECT_OBJC_ISA_USAGE = YES_ERROR;
				CLANG_WARN_DOCUMENTATION_COMMENTS = YES;
				CLANG_WARN_EMPTY_BODY = YES;
				CLANG_WARN_ENUM_CONVERSION = YES;
				CLANG_WARN_INFINITE_RECURSION = YES;
				CLANG_WARN_INT_CONVERSION = YES;
				CLANG_WARN_NON_LITERAL_NULL_CONVERSION = YES;
				CLANG_WARN_OBJC_IMPLICIT_RETAIN_SELF = YES;
				CLANG_WARN_OBJC_LITERAL_CONVERSION = YES;
				CLANG_WARN_OBJC_ROOT_CLASS = YES_ERROR;
				CLANG_WARN_RANGE_LOOP_ANALYSIS = YES;
				CLANG_WARN_STRICT_PROTOTYPES = YES;
				CLANG_WARN_SUSPICIOUS_MOVE = YES;
				CLANG_WARN_UNGUARDED_AVAILABILITY = YES_AGGRESSIVE;
				CLANG_WARN_UNREACHABLE_CODE = YES;
				CLANG_WARN__DUPLICATE_METHOD_MATCH = YES;
				CODE_SIGN_IDENTITY = "iPhone Developer";
				COPY_PHASE_STRIP = NO;
				DEBUG_INFORMATION_FORMAT = "dwarf-with-dsym";
				ENABLE_NS_ASSERTIONS = NO;
				ENABLE_STRICT_OBJC_MSGSEND = YES;
				GCC_C_LANGUAGE_STANDARD = gnu11;
				GCC_NO_COMMON_BLOCKS = YES;
				GCC_WARN_64_TO_32_BIT_CONVERSION = YES;
				GCC_WARN_ABOUT_RETURN_TYPE = YES_ERROR;
				GCC_WARN_UNDECLARED_SELECTOR = YES;
				GCC_WARN_UNINITIALIZED_AUTOS = YES_AGGRESSIVE;
				GCC_WARN_UNUSED_FUNCTION = YES;
				GCC_WARN_UNUSED_VARIABLE = YES;
				IPHONEOS_DEPLOYMENT_TARGET = 12.1;
				MTL_ENABLE_DEBUG_INFO = NO;
				MTL_FAST_MATH = YES;
				SDKROOT = iphoneos;
				SWIFT_COMPILATION_MODE = wholemodule;
				SWIFT_OPTIMIZATION_LEVEL = "-O";
				VALIDATE_PRODUCT = YES;
			};
			name = Release;
		};
		155107F222571CE3000BFDA7 /* Debug */ = {
			isa = XCBuildConfiguration;
			baseConfigurationReference = 746B531FE05BDB498D25E9B6 /* Pods-CS545.debug.xcconfig */;
			buildSettings = {
				ASSETCATALOG_COMPILER_APPICON_NAME = AppIcon;
				CODE_SIGN_STYLE = Automatic;
				INFOPLIST_FILE = CS545/Info.plist;
				LD_RUNPATH_SEARCH_PATHS = (
					"$(inherited)",
					"@executable_path/Frameworks",
				);
				PRODUCT_BUNDLE_IDENTIFIER = dkim11.CS545;
				PRODUCT_NAME = "$(TARGET_NAME)";
				SWIFT_VERSION = 4.2;
				TARGETED_DEVICE_FAMILY = "1,2";
			};
			name = Debug;
		};
		155107F322571CE3000BFDA7 /* Release */ = {
			isa = XCBuildConfiguration;
			baseConfigurationReference = DAA776A7BD18ED9975DC0650 /* Pods-CS545.release.xcconfig */;
			buildSettings = {
				ASSETCATALOG_COMPILER_APPICON_NAME = AppIcon;
				CODE_SIGN_STYLE = Automatic;
				INFOPLIST_FILE = CS545/Info.plist;
				LD_RUNPATH_SEARCH_PATHS = (
					"$(inherited)",
					"@executable_path/Frameworks",
				);
				PRODUCT_BUNDLE_IDENTIFIER = dkim11.CS545;
				PRODUCT_NAME = "$(TARGET_NAME)";
				SWIFT_VERSION = 4.2;
				TARGETED_DEVICE_FAMILY = "1,2";
			};
			name = Release;
		};
		155107F522571CE3000BFDA7 /* Debug */ = {
			isa = XCBuildConfiguration;
			buildSettings = {
				ALWAYS_EMBED_SWIFT_STANDARD_LIBRARIES = YES;
				BUNDLE_LOADER = "$(TEST_HOST)";
				CODE_SIGN_STYLE = Automatic;
				INFOPLIST_FILE = CS545Tests/Info.plist;
				LD_RUNPATH_SEARCH_PATHS = (
					"$(inherited)",
					"@executable_path/Frameworks",
					"@loader_path/Frameworks",
				);
				PRODUCT_BUNDLE_IDENTIFIER = dkim11.CS545Tests;
				PRODUCT_NAME = "$(TARGET_NAME)";
				SWIFT_VERSION = 4.2;
				TARGETED_DEVICE_FAMILY = "1,2";
				TEST_HOST = "$(BUILT_PRODUCTS_DIR)/CS545.app/CS545";
			};
			name = Debug;
		};
		155107F622571CE3000BFDA7 /* Release */ = {
			isa = XCBuildConfiguration;
			buildSettings = {
				ALWAYS_EMBED_SWIFT_STANDARD_LIBRARIES = YES;
				BUNDLE_LOADER = "$(TEST_HOST)";
				CODE_SIGN_STYLE = Automatic;
				INFOPLIST_FILE = CS545Tests/Info.plist;
				LD_RUNPATH_SEARCH_PATHS = (
					"$(inherited)",
					"@executable_path/Frameworks",
					"@loader_path/Frameworks",
				);
				PRODUCT_BUNDLE_IDENTIFIER = dkim11.CS545Tests;
				PRODUCT_NAME = "$(TARGET_NAME)";
				SWIFT_VERSION = 4.2;
				TARGETED_DEVICE_FAMILY = "1,2";
				TEST_HOST = "$(BUILT_PRODUCTS_DIR)/CS545.app/CS545";
			};
			name = Release;
		};
		155107F822571CE3000BFDA7 /* Debug */ = {
			isa = XCBuildConfiguration;
			buildSettings = {
				ALWAYS_EMBED_SWIFT_STANDARD_LIBRARIES = YES;
				CODE_SIGN_STYLE = Automatic;
				INFOPLIST_FILE = CS545UITests/Info.plist;
				LD_RUNPATH_SEARCH_PATHS = (
					"$(inherited)",
					"@executable_path/Frameworks",
					"@loader_path/Frameworks",
				);
				PRODUCT_BUNDLE_IDENTIFIER = dkim11.CS545UITests;
				PRODUCT_NAME = "$(TARGET_NAME)";
				SWIFT_VERSION = 4.2;
				TARGETED_DEVICE_FAMILY = "1,2";
				TEST_TARGET_NAME = CS545;
			};
			name = Debug;
		};
		155107F922571CE3000BFDA7 /* Release */ = {
			isa = XCBuildConfiguration;
			buildSettings = {
				ALWAYS_EMBED_SWIFT_STANDARD_LIBRARIES = YES;
				CODE_SIGN_STYLE = Automatic;
				INFOPLIST_FILE = CS545UITests/Info.plist;
				LD_RUNPATH_SEARCH_PATHS = (
					"$(inherited)",
					"@executable_path/Frameworks",
					"@loader_path/Frameworks",
				);
				PRODUCT_BUNDLE_IDENTIFIER = dkim11.CS545UITests;
				PRODUCT_NAME = "$(TARGET_NAME)";
				SWIFT_VERSION = 4.2;
				TARGETED_DEVICE_FAMILY = "1,2";
				TEST_TARGET_NAME = CS545;
			};
			name = Release;
		};
/* End XCBuildConfiguration section */

/* Begin XCConfigurationList section */
		155107C422571CE1000BFDA7 /* Build configuration list for PBXProject "CS545" */ = {
			isa = XCConfigurationList;
			buildConfigurations = (
				155107EF22571CE3000BFDA7 /* Debug */,
				155107F022571CE3000BFDA7 /* Release */,
			);
			defaultConfigurationIsVisible = 0;
			defaultConfigurationName = Release;
		};
		155107F122571CE3000BFDA7 /* Build configuration list for PBXNativeTarget "CS545" */ = {
			isa = XCConfigurationList;
			buildConfigurations = (
				155107F222571CE3000BFDA7 /* Debug */,
				155107F322571CE3000BFDA7 /* Release */,
			);
			defaultConfigurationIsVisible = 0;
			defaultConfigurationName = Release;
		};
		155107F422571CE3000BFDA7 /* Build configuration list for PBXNativeTarget "CS545Tests" */ = {
			isa = XCConfigurationList;
			buildConfigurations = (
				155107F522571CE3000BFDA7 /* Debug */,
				155107F622571CE3000BFDA7 /* Release */,
			);
			defaultConfigurationIsVisible = 0;
			defaultConfigurationName = Release;
		};
		155107F722571CE3000BFDA7 /* Build configuration list for PBXNativeTarget "CS545UITests" */ = {
			isa = XCConfigurationList;
			buildConfigurations = (
				155107F822571CE3000BFDA7 /* Debug */,
				155107F922571CE3000BFDA7 /* Release */,
			);
			defaultConfigurationIsVisible = 0;
			defaultConfigurationName = Release;
		};
/* End XCConfigurationList section */
	};
	rootObject = 155107C122571CE1000BFDA7 /* Project object */;
}
